%{
  "decimal": {:hex, :decimal, "1.1.0", "3333732f17a90ff3057d7ab8c65f0930ca2d67e15cca812a91ead5633ed472fe", [:mix], [], "hexpm", "fb980809b716bd7de2390a2c1716be0e53d4486de1866715611b382df9cd6b21"},
  "earmark": {:hex, :earmark, "0.1.17", "a2269e72ff85501bdb58c2de9edc0a9a17a4be2757883eed1f601b30494ed2bf", [:mix], [], "hexpm", "9ab48404137ef56765ccb25aeb8ba99330d1bba697619abac7b5b03c4d0cb4bc"},
  "ex_doc": {:hex, :ex_doc, "0.10.0", "f49c237250b829df986486b38f043e6f8e19d19b41101987f7214543f75947ec", [:mix], [{:earmark, "~> 0.1.17 or ~> 0.2", [hex: :earmark, repo: "hexpm", optional: true]}], "hexpm", "3d9f15777aa3fb62700d5984eb09ceeb6c1574d61be0f70801e3390e36942b35"},
  "inch_ex": {:hex, :inch_ex, "0.2.4", "617dd08d9c3cbeaad6f2ccee1379a2a88690f1a579950173a25a7a1e816f4f29", [:mix], [{:poison, "~> 1.2", [hex: :poison, repo: "hexpm", optional: false]}], "hexpm", "f547cb28d9f2a7cbd969c13f373f5a80f151794d99a8c538c8b9002b3e5f982c"},
  "mariaex": {:hex, :mariaex, "0.4.1", "c6abf9dcd08afab7023c647a9972d59e72a35934ac15fa9eb884edda0fdec80a", [:mix], [{:decimal, "~> 1.0", [hex: :decimal, repo: "hexpm", optional: false]}], "hexpm", "142db6a96028d8d0437d36835fe94c2c133658b44b4159257fbc2e988b663d3e"},
  "poison": {:hex, :poison, "1.3.1", "5df7a442df825ebd2e3ebb29a2e17f6ae01d1cd34a5bfcb6c82f32177d4cf130", [:mix], [], "hexpm", "fbd78dd3e5abbadc17ddd89905002f6d20a03046f7555a6098d28a9f14feaf58"},
  "poolboy": {:hex, :poolboy, "1.4.2", "619519c7708dd001ce9b61908218d03ff582c3ba44a1e129d694376c2b332d87", [:rebar], [], "hexpm", "6133b67251080f32ffed4f71913cd2998fd6f02fa076677aadf7278b62853938"},
  "postgrex": {:hex, :postgrex, "0.9.1", "a7c9d4b3cc70b4b8c73190e0d462e057e22e1597954deb422fc45d5183463d61", [:mix], [{:decimal, "~> 1.0", [hex: :decimal, repo: "hexpm", optional: false]}], "hexpm", "9c9a4ffca145479b343d7a51730557305425aab69e8d31cc32f348f85996fb5a"},
  "sbroker": {:hex, :sbroker, "1.0.0", "28ff1b5e58887c5098539f236307b36fe1d3edaa2acff9d6a3d17c2dcafebbd0", [:rebar3], [], "hexpm", "ba952bfa35b374e1e5d84bc5f5efe8360c6f99dc93b3118f714a9a2dff6c9e19"},
}
